{
  "pins" : [
    {
      "identity" : "passencoder",
      "kind" : "remoteSourceControl",
      "location" : "https://github.com/aydenp/PassEncoder.git",
      "state" : {
        "branch" : "master",
        "revision" : "edef6e1620d1f4c2a269a5edf467e0d4f123b68f"
      }
    },
    {
      "identity" : "swift-crypto",
      "kind" : "remoteSourceControl",
      "location" : "https://github.com/apple/swift-crypto.git",
      "state" : {
        "revision" : "ddb07e896a2a8af79512543b1c7eb9797f8898a5",
        "version" : "1.1.7"
      }
    },
    {
      "identity" : "zipfoundation",
      "kind" : "remoteSourceControl",
      "location" : "https://github.com/weichsel/ZIPFoundation.git",
      "state" : {
        "revision" : "7254c74b49cec2cb81520523ba993c671f71b066",
        "version" : "0.9.14"
      }
    }
  ],
  "version" : 2
}
