<?xml version="1.0" encoding="UTF-8"?>
<Scheme
   LastUpgradeVersion = "1400"
   version = "1.3">
   <BuildAction
      parallelizeBuildables = "YES"
      buildImplicitDependencies = "YES">
      <BuildActionEntries>
         <BuildActionEntry
            buildForTesting = "YES"
            buildForRunning = "YES"
            buildForProfiling = "YES"
            buildForArchiving = "YES"
            buildForAnalyzing = "YES">
            <BuildableReference
               BuildableIdentifier = "primary"
               BlueprintIdentifier = "PassIssuingKit"
               BuildableName = "PassIssuingKit"
               BlueprintName = "PassIssuingKit"
               ReferencedContainer = "container:">
            </BuildableReference>
         </BuildActionEntry>
         <BuildActionEntry
            buildForTesting = "YES"
            buildForRunning = "YES"
            buildForProfiling = "NO"
            buildForArchiving = "NO"
            buildForAnalyzing = "YES">
            <BuildableReference
               BuildableIdentifier = "primary"
               BlueprintIdentifier = "PassIssuingKitTests"
               BuildableName = "PassIssuingKitTests"
               BlueprintName = "PassIssuingKitTests"
               ReferencedContainer = "container:">
            </BuildableReference>
         </BuildActionEntry>
      </BuildActionEntries>
   </BuildAction>
   <TestAction
      buildConfiguration = "Debug"
      selectedDebuggerIdentifier = "Xcode.DebuggerFoundation.Debugger.LLDB"
      selectedLauncherIdentifier = "Xcode.DebuggerFoundation.Launcher.LLDB"
      shouldUseLaunchSchemeArgsEnv = "YES">
      <Testables>
         <TestableReference
            skipped = "NO">
            <BuildableReference
               BuildableIdentifier = "primary"
               BlueprintIdentifier = "PassIssuingKitTests"
               BuildableName = "PassIssuingKitTests"
               BlueprintName = "PassIssuingKitTests"
               ReferencedContainer = "container:">
            </BuildableReference>
         </TestableReference>
      </Testables>
   </TestAction>
   <LaunchAction
      buildConfiguration = "Debug"
      selectedDebuggerIdentifier = "Xcode.DebuggerFoundation.Debugger.LLDB"
      selectedLauncherIdentifier = "Xcode.DebuggerFoundation.Launcher.LLDB"
      launchStyle = "0"
      useCustomWorkingDirectory = "NO"
      ignoresPersistentStateOnLaunch = "NO"
      debugDocumentVersioning = "YES"
      debugServiceExtension = "internal"
      allowLocationSimulation = "YES">
      <EnvironmentVariables>
         <EnvironmentVariable
            key = "TEST_SIGNING_PASSWORD"
            value = "N7.X9K_Kw@gwJq8jxBR*AB!x"
            isEnabled = "YES">
         </EnvironmentVariable>
         <EnvironmentVariable
            key = "TEST_RESOURCES"
            value = "/Users/cwelsh/Developer/Assemble/AssembleTicketing/Sources/App/Resources/PassAssets/"
            isEnabled = "YES">
         </EnvironmentVariable>
         <EnvironmentVariable
            key = "TEST_SIGNING_CERT"
            value = "/Users/cwelsh/Developer/AssembleKeys/walletSigningPass.pem"
            isEnabled = "YES">
         </EnvironmentVariable>
         <EnvironmentVariable
            key = "TEST_WWDR_CERT"
            value = "/Users/cwelsh/Developer/AssembleKeys/wwdr.pem"
            isEnabled = "YES">
         </EnvironmentVariable>
         <EnvironmentVariable
            key = "TEST_OUTPUT"
            value = "/Users/cwelsh/Desktop/test.pkpass"
            isEnabled = "YES">
         </EnvironmentVariable>
      </EnvironmentVariables>
   </LaunchAction>
   <ProfileAction
      buildConfiguration = "Release"
      shouldUseLaunchSchemeArgsEnv = "YES"
      savedToolIdentifier = ""
      useCustomWorkingDirectory = "NO"
      debugDocumentVersioning = "YES">
      <MacroExpansion>
         <BuildableReference
            BuildableIdentifier = "primary"
            BlueprintIdentifier = "PassIssuingKit"
            BuildableName = "PassIssuingKit"
            BlueprintName = "PassIssuingKit"
            ReferencedContainer = "container:">
         </BuildableReference>
      </MacroExpansion>
   </ProfileAction>
   <AnalyzeAction
      buildConfiguration = "Debug">
   </AnalyzeAction>
   <ArchiveAction
      buildConfiguration = "Release"
      revealArchiveInOrganizer = "YES">
   </ArchiveAction>
</Scheme>
